// !$*UTF8*$!
{
	archiveVersion = 1;
	classes = {
	};
	objectVersion = 55;
	objects = {

/* Begin PBXBuildFile section */
		1F180F0228B4200400A3F5BB /* AppDelegate.swift in Sources */ = {isa = PBXBuildFile; fileRef = 1F180F0128B4200400A3F5BB /* AppDelegate.swift */; };
		1F180F0428B4200400A3F5BB /* SceneDelegate.swift in Sources */ = {isa = PBXBuildFile; fileRef = 1F180F0328B4200400A3F5BB /* SceneDelegate.swift */; };
		1F180F0628B4200400A3F5BB /* ViewController.swift in Sources */ = {isa = PBXBuildFile; fileRef = 1F180F0528B4200400A3F5BB /* ViewController.swift */; };
		1F180F0928B4200400A3F5BB /* Main.storyboard in Resources */ = {isa = PBXBuildFile; fileRef = 1F180F0728B4200400A3F5BB /* Main.storyboard */; };
		1F180F0B28B4200500A3F5BB /* Assets.xcassets in Resources */ = {isa = PBXBuildFile; fileRef = 1F180F0A28B4200500A3F5BB /* Assets.xcassets */; };
		1F180F0E28B4200500A3F5BB /* LaunchScreen.storyboard in Resources */ = {isa = PBXBuildFile; fileRef = 1F180F0C28B4200500A3F5BB /* LaunchScreen.storyboard */; };
		1F180F1628B4A48400A3F5BB /* ConnectionManager.swift in Sources */ = {isa = PBXBuildFile; fileRef = 1F180F1528B4A48400A3F5BB /* ConnectionManager.swift */; };
		1F1810D028B570DE00A3F5BB /* Realm in Frameworks */ = {isa = PBXBuildFile; productRef = 1F1810CF28B570DE00A3F5BB /* Realm */; };
		1F1810D228B570DE00A3F5BB /* RealmSwift in Frameworks */ = {isa = PBXBuildFile; productRef = 1F1810D128B570DE00A3F5BB /* RealmSwift */; };
		1F1810D728B5713F00A3F5BB /* LoginViewController.swift in Sources */ = {isa = PBXBuildFile; fileRef = 1F1810D628B5713F00A3F5BB /* LoginViewController.swift */; };
		1F1810D928B591FB00A3F5BB /* RegisterViewController.swift in Sources */ = {isa = PBXBuildFile; fileRef = 1F1810D828B591FB00A3F5BB /* RegisterViewController.swift */; };
		1F1810DC28B6E27900A3F5BB /* AccountManager.swift in Sources */ = {isa = PBXBuildFile; fileRef = 1F1810DB28B6E27900A3F5BB /* AccountManager.swift */; };
		1F1810DF28B6EC5E00A3F5BB /* UserModel.swift in Sources */ = {isa = PBXBuildFile; fileRef = 1F1810DE28B6EC5E00A3F5BB /* UserModel.swift */; };
		1F6173B728BF2FB800B8887B /* DiscoveredProfileViewController.swift in Sources */ = {isa = PBXBuildFile; fileRef = 1F6173B628BF2FB800B8887B /* DiscoveredProfileViewController.swift */; };
		1F633B0328D9575D00AE436D /* EditLinkViewController.swift in Sources */ = {isa = PBXBuildFile; fileRef = 1F633B0228D9575D00AE436D /* EditLinkViewController.swift */; };
		1F84B16428D0342D00A5E04C /* UserCell.swift in Sources */ = {isa = PBXBuildFile; fileRef = 1F84B16228D0342D00A5E04C /* UserCell.swift */; };
		1F84B16528D0342D00A5E04C /* UserCell.xib in Resources */ = {isa = PBXBuildFile; fileRef = 1F84B16328D0342D00A5E04C /* UserCell.xib */; };
		1F84B16728D0D1FF00A5E04C /* ImageProcessor.swift in Sources */ = {isa = PBXBuildFile; fileRef = 1F84B16628D0D1FF00A5E04C /* ImageProcessor.swift */; };
		1FDD8F1B28E8F9CC00DF8844 /* SettingsViewController.swift in Sources */ = {isa = PBXBuildFile; fileRef = 1FDD8F1A28E8F9CC00DF8844 /* SettingsViewController.swift */; };
/* End PBXBuildFile section */

/* Begin PBXFileReference section */
		1F180EFE28B4200400A3F5BB /* ECard.app */ = {isa = PBXFileReference; explicitFileType = wrapper.application; includeInIndex = 0; path = ECard.app; sourceTree = BUILT_PRODUCTS_DIR; };
		1F180F0128B4200400A3F5BB /* AppDelegate.swift */ = {isa = PBXFileReference; lastKnownFileType = sourcecode.swift; path = AppDelegate.swift; sourceTree = "<group>"; };
		1F180F0328B4200400A3F5BB /* SceneDelegate.swift */ = {isa = PBXFileReference; lastKnownFileType = sourcecode.swift; path = SceneDelegate.swift; sourceTree = "<group>"; };
		1F180F0528B4200400A3F5BB /* ViewController.swift */ = {isa = PBXFileReference; lastKnownFileType = sourcecode.swift; path = ViewController.swift; sourceTree = "<group>"; };
		1F180F0828B4200400A3F5BB /* Base */ = {isa = PBXFileReference; lastKnownFileType = file.storyboard; name = Base; path = Base.lproj/Main.storyboard; sourceTree = "<group>"; };
		1F180F0A28B4200500A3F5BB /* Assets.xcassets */ = {isa = PBXFileReference; lastKnownFileType = folder.assetcatalog; path = Assets.xcassets; sourceTree = "<group>"; };
		1F180F0D28B4200500A3F5BB /* Base */ = {isa = PBXFileReference; lastKnownFileType = file.storyboard; name = Base; path = Base.lproj/LaunchScreen.storyboard; sourceTree = "<group>"; };
		1F180F0F28B4200500A3F5BB /* Info.plist */ = {isa = PBXFileReference; lastKnownFileType = text.plist.xml; path = Info.plist; sourceTree = "<group>"; };
		1F180F1528B4A48400A3F5BB /* ConnectionManager.swift */ = {isa = PBXFileReference; lastKnownFileType = sourcecode.swift; path = ConnectionManager.swift; sourceTree = "<group>"; };
		1F1810D628B5713F00A3F5BB /* LoginViewController.swift */ = {isa = PBXFileReference; lastKnownFileType = sourcecode.swift; path = LoginViewController.swift; sourceTree = "<group>"; };
		1F1810D828B591FB00A3F5BB /* RegisterViewController.swift */ = {isa = PBXFileReference; lastKnownFileType = sourcecode.swift; path = RegisterViewController.swift; sourceTree = "<group>"; };
		1F1810DB28B6E27900A3F5BB /* AccountManager.swift */ = {isa = PBXFileReference; lastKnownFileType = sourcecode.swift; path = AccountManager.swift; sourceTree = "<group>"; };
		1F1810DE28B6EC5E00A3F5BB /* UserModel.swift */ = {isa = PBXFileReference; lastKnownFileType = sourcecode.swift; path = UserModel.swift; sourceTree = "<group>"; };
		1F6173B628BF2FB800B8887B /* DiscoveredProfileViewController.swift */ = {isa = PBXFileReference; lastKnownFileType = sourcecode.swift; path = DiscoveredProfileViewController.swift; sourceTree = "<group>"; };
		1F633B0228D9575D00AE436D /* EditLinkViewController.swift */ = {isa = PBXFileReference; lastKnownFileType = sourcecode.swift; path = EditLinkViewController.swift; sourceTree = "<group>"; };
		1F84B16228D0342D00A5E04C /* UserCell.swift */ = {isa = PBXFileReference; lastKnownFileType = sourcecode.swift; path = UserCell.swift; sourceTree = "<group>"; };
		1F84B16328D0342D00A5E04C /* UserCell.xib */ = {isa = PBXFileReference; lastKnownFileType = file.xib; path = UserCell.xib; sourceTree = "<group>"; };
		1F84B16628D0D1FF00A5E04C /* ImageProcessor.swift */ = {isa = PBXFileReference; lastKnownFileType = sourcecode.swift; path = ImageProcessor.swift; sourceTree = "<group>"; };
		1FDD8F1A28E8F9CC00DF8844 /* SettingsViewController.swift */ = {isa = PBXFileReference; lastKnownFileType = sourcecode.swift; path = SettingsViewController.swift; sourceTree = "<group>"; };
/* End PBXFileReference section */

/* Begin PBXFrameworksBuildPhase section */
		1F180EFB28B4200400A3F5BB /* Frameworks */ = {
			isa = PBXFrameworksBuildPhase;
			buildActionMask = 2147483647;
			files = (
				1F1810D228B570DE00A3F5BB /* RealmSwift in Frameworks */,
				1F1810D028B570DE00A3F5BB /* Realm in Frameworks */,
			);
			runOnlyForDeploymentPostprocessing = 0;
		};
/* End PBXFrameworksBuildPhase section */

/* Begin PBXGroup section */
		1F180EF528B4200400A3F5BB = {
			isa = PBXGroup;
			children = (
				1F180F0028B4200400A3F5BB /* ECard */,
				1F180EFF28B4200400A3F5BB /* Products */,
			);
			sourceTree = "<group>";
		};
		1F180EFF28B4200400A3F5BB /* Products */ = {
			isa = PBXGroup;
			children = (
				1F180EFE28B4200400A3F5BB /* ECard.app */,
			);
			name = Products;
			sourceTree = "<group>";
		};
		1F180F0028B4200400A3F5BB /* ECard */ = {
			isa = PBXGroup;
			children = (
				1F1810D528B5710F00A3F5BB /* Controller */,
				1F1810D428B5710700A3F5BB /* Model */,
				1F1810D328B570F300A3F5BB /* View */,
				1F180F0128B4200400A3F5BB /* AppDelegate.swift */,
				1F180F0328B4200400A3F5BB /* SceneDelegate.swift */,
				1F180F0A28B4200500A3F5BB /* Assets.xcassets */,
				1F180F0C28B4200500A3F5BB /* LaunchScreen.storyboard */,
				1F180F0F28B4200500A3F5BB /* Info.plist */,
			);
			path = ECard;
			sourceTree = "<group>";
		};
		1F1810D328B570F300A3F5BB /* View */ = {
			isa = PBXGroup;
			children = (
				1F180F0728B4200400A3F5BB /* Main.storyboard */,
				1F84B16228D0342D00A5E04C /* UserCell.swift */,
				1F84B16328D0342D00A5E04C /* UserCell.xib */,
			);
			path = View;
			sourceTree = "<group>";
		};
		1F1810D428B5710700A3F5BB /* Model */ = {
			isa = PBXGroup;
			children = (
				1F180F1528B4A48400A3F5BB /* ConnectionManager.swift */,
				1F1810DB28B6E27900A3F5BB /* AccountManager.swift */,
				1F1810DE28B6EC5E00A3F5BB /* UserModel.swift */,
				1F84B16628D0D1FF00A5E04C /* ImageProcessor.swift */,
			);
			path = Model;
			sourceTree = "<group>";
		};
		1F1810D528B5710F00A3F5BB /* Controller */ = {
			isa = PBXGroup;
			children = (
				1FDD8F1A28E8F9CC00DF8844 /* SettingsViewController.swift */,
				1F180F0528B4200400A3F5BB /* ViewController.swift */,
				1F1810D628B5713F00A3F5BB /* LoginViewController.swift */,
				1F1810D828B591FB00A3F5BB /* RegisterViewController.swift */,
				1F6173B628BF2FB800B8887B /* DiscoveredProfileViewController.swift */,
				1F633B0228D9575D00AE436D /* EditLinkViewController.swift */,
			);
			path = Controller;
			sourceTree = "<group>";
		};
/* End PBXGroup section */

/* Begin PBXNativeTarget section */
		1F180EFD28B4200400A3F5BB /* ECard */ = {
			isa = PBXNativeTarget;
			buildConfigurationList = 1F180F1228B4200500A3F5BB /* Build configuration list for PBXNativeTarget "ECard" */;
			buildPhases = (
				1F180EFA28B4200400A3F5BB /* Sources */,
				1F180EFB28B4200400A3F5BB /* Frameworks */,
				1F180EFC28B4200400A3F5BB /* Resources */,
			);
			buildRules = (
			);
			dependencies = (
			);
			name = ECard;
			packageProductDependencies = (
				1F1810CF28B570DE00A3F5BB /* Realm */,
				1F1810D128B570DE00A3F5BB /* RealmSwift */,
			);
			productName = ECard;
			productReference = 1F180EFE28B4200400A3F5BB /* ECard.app */;
			productType = "com.apple.product-type.application";
		};
/* End PBXNativeTarget section */

/* Begin PBXProject section */
		1F180EF628B4200400A3F5BB /* Project object */ = {
			isa = PBXProject;
			attributes = {
				BuildIndependentTargetsInParallel = 1;
				LastSwiftUpdateCheck = 1340;
				LastUpgradeCheck = 1340;
				TargetAttributes = {
					1F180EFD28B4200400A3F5BB = {
						CreatedOnToolsVersion = 13.4.1;
					};
				};
			};
			buildConfigurationList = 1F180EF928B4200400A3F5BB /* Build configuration list for PBXProject "ECard" */;
			compatibilityVersion = "Xcode 13.0";
			developmentRegion = en;
			hasScannedForEncodings = 0;
			knownRegions = (
				en,
				Base,
			);
			mainGroup = 1F180EF528B4200400A3F5BB;
			packageReferences = (
				1F1810CE28B570DE00A3F5BB /* XCRemoteSwiftPackageReference "realm-swift" */,
			);
			productRefGroup = 1F180EFF28B4200400A3F5BB /* Products */;
			projectDirPath = "";
			projectRoot = "";
			targets = (
				1F180EFD28B4200400A3F5BB /* ECard */,
			);
		};
/* End PBXProject section */

/* Begin PBXResourcesBuildPhase section */
		1F180EFC28B4200400A3F5BB /* Resources */ = {
			isa = PBXResourcesBuildPhase;
			buildActionMask = 2147483647;
			files = (
				1F84B16528D0342D00A5E04C /* UserCell.xib in Resources */,
				1F180F0E28B4200500A3F5BB /* LaunchScreen.storyboard in Resources */,
				1F180F0B28B4200500A3F5BB /* Assets.xcassets in Resources */,
				1F180F0928B4200400A3F5BB /* Main.storyboard in Resources */,
			);
			runOnlyForDeploymentPostprocessing = 0;
		};
/* End PBXResourcesBuildPhase section */

/* Begin PBXSourcesBuildPhase section */
		1F180EFA28B4200400A3F5BB /* Sources */ = {
			isa = PBXSourcesBuildPhase;
			buildActionMask = 2147483647;
			files = (
				1F1810D728B5713F00A3F5BB /* LoginViewController.swift in Sources */,
				1F1810DC28B6E27900A3F5BB /* AccountManager.swift in Sources */,
				1F6173B728BF2FB800B8887B /* DiscoveredProfileViewController.swift in Sources */,
				1F633B0328D9575D00AE436D /* EditLinkViewController.swift in Sources */,
				1F1810DF28B6EC5E00A3F5BB /* UserModel.swift in Sources */,
				1F1810D928B591FB00A3F5BB /* RegisterViewController.swift in Sources */,
				1F180F0628B4200400A3F5BB /* ViewController.swift in Sources */,
				1F180F1628B4A48400A3F5BB /* ConnectionManager.swift in Sources */,
				1FDD8F1B28E8F9CC00DF8844 /* SettingsViewController.swift in Sources */,
				1F180F0228B4200400A3F5BB /* AppDelegate.swift in Sources */,
				1F84B16428D0342D00A5E04C /* UserCell.swift in Sources */,
				1F84B16728D0D1FF00A5E04C /* ImageProcessor.swift in Sources */,
				1F180F0428B4200400A3F5BB /* SceneDelegate.swift in Sources */,
			);
			runOnlyForDeploymentPostprocessing = 0;
		};
/* End PBXSourcesBuildPhase section */

/* Begin PBXVariantGroup section */
		1F180F0728B4200400A3F5BB /* Main.storyboard */ = {
			isa = PBXVariantGroup;
			children = (
				1F180F0828B4200400A3F5BB /* Base */,
			);
			name = Main.storyboard;
			sourceTree = "<group>";
		};
		1F180F0C28B4200500A3F5BB /* LaunchScreen.storyboard */ = {
			isa = PBXVariantGroup;
			children = (
				1F180F0D28B4200500A3F5BB /* Base */,
			);
			name = LaunchScreen.storyboard;
			sourceTree = "<group>";
		};
/* End PBXVariantGroup section */

/* Begin XCBuildConfiguration section */
		1F180F1028B4200500A3F5BB /* Debug */ = {
			isa = XCBuildConfiguration;
			buildSettings = {
				ALWAYS_SEARCH_USER_PATHS = NO;
				CLANG_ANALYZER_NONNULL = YES;
				CLANG_ANALYZER_NUMBER_OBJECT_CONVERSION = YES_AGGRESSIVE;
				CLANG_CXX_LANGUAGE_STANDARD = "gnu++17";
				CLANG_ENABLE_MODULES = YES;
				CLANG_ENABLE_OBJC_ARC = YES;
				CLANG_ENABLE_OBJC_WEAK = YES;
				CLANG_WARN_BLOCK_CAPTURE_AUTORELEASING = YES;
				CLANG_WARN_BOOL_CONVERSION = YES;
				CLANG_WARN_COMMA = YES;
				CLANG_WARN_CONSTANT_CONVERSION = YES;
				CLANG_WARN_DEPRECATED_OBJC_IMPLEMENTATIONS = YES;
				CLANG_WARN_DIRECT_OBJC_ISA_USAGE = YES_ERROR;
				CLANG_WARN_DOCUMENTATION_COMMENTS = YES;
				CLANG_WARN_EMPTY_BODY = YES;
				CLANG_WARN_ENUM_CONVERSION = YES;
				CLANG_WARN_INFINITE_RECURSION = YES;
				CLANG_WARN_INT_CONVERSION = YES;
				CLANG_WARN_NON_LITERAL_NULL_CONVERSION = YES;
				CLANG_WARN_OBJC_IMPLICIT_RETAIN_SELF = YES;
				CLANG_WARN_OBJC_LITERAL_CONVERSION = YES;
				CLANG_WARN_OBJC_ROOT_CLASS = YES_ERROR;
				CLANG_WARN_QUOTED_INCLUDE_IN_FRAMEWORK_HEADER = YES;
				CLANG_WARN_RANGE_LOOP_ANALYSIS = YES;
				CLANG_WARN_STRICT_PROTOTYPES = YES;
				CLANG_WARN_SUSPICIOUS_MOVE = YES;
				CLANG_WARN_UNGUARDED_AVAILABILITY = YES_AGGRESSIVE;
				CLANG_WARN_UNREACHABLE_CODE = YES;
				CLANG_WARN__DUPLICATE_METHOD_MATCH = YES;
				COPY_PHASE_STRIP = NO;
				DEBUG_INFORMATION_FORMAT = dwarf;
				ENABLE_STRICT_OBJC_MSGSEND = YES;
				ENABLE_TESTABILITY = YES;
				GCC_C_LANGUAGE_STANDARD = gnu11;
				GCC_DYNAMIC_NO_PIC = NO;
				GCC_NO_COMMON_BLOCKS = YES;
				GCC_OPTIMIZATION_LEVEL = 0;
				GCC_PREPROCESSOR_DEFINITIONS = (
					"DEBUG=1",
					"$(inherited)",
				);
				GCC_WARN_64_TO_32_BIT_CONVERSION = YES;
				GCC_WARN_ABOUT_RETURN_TYPE = YES_ERROR;
				GCC_WARN_UNDECLARED_SELECTOR = YES;
				GCC_WARN_UNINITIALIZED_AUTOS = YES_AGGRESSIVE;
				GCC_WARN_UNUSED_FUNCTION = YES;
				GCC_WARN_UNUSED_VARIABLE = YES;
				IPHONEOS_DEPLOYMENT_TARGET = 13.0;
				MTL_ENABLE_DEBUG_INFO = INCLUDE_SOURCE;
				MTL_FAST_MATH = YES;
				ONLY_ACTIVE_ARCH = YES;
				SDKROOT = iphoneos;
				SWIFT_ACTIVE_COMPILATION_CONDITIONS = DEBUG;
				SWIFT_OPTIMIZATION_LEVEL = "-Onone";
			};
			name = Debug;
		};
		1F180F1128B4200500A3F5BB /* Release */ = {
			isa = XCBuildConfiguration;
			buildSettings = {
				ALWAYS_SEARCH_USER_PATHS = NO;
				CLANG_ANALYZER_NONNULL = YES;
				CLANG_ANALYZER_NUMBER_OBJECT_CONVERSION = YES_AGGRESSIVE;
				CLANG_CXX_LANGUAGE_STANDARD = "gnu++17";
				CLANG_ENABLE_MODULES = YES;
				CLANG_ENABLE_OBJC_ARC = YES;
				CLANG_ENABLE_OBJC_WEAK = YES;
				CLANG_WARN_BLOCK_CAPTURE_AUTORELEASING = YES;
				CLANG_WARN_BOOL_CONVERSION = YES;
				CLANG_WARN_COMMA = YES;
				CLANG_WARN_CONSTANT_CONVERSION = YES;
				CLANG_WARN_DEPRECATED_OBJC_IMPLEMENTATIONS = YES;
				CLANG_WARN_DIRECT_OBJC_ISA_USAGE = YES_ERROR;
				CLANG_WARN_DOCUMENTATION_COMMENTS = YES;
				CLANG_WARN_EMPTY_BODY = YES;
				CLANG_WARN_ENUM_CONVERSION = YES;
				CLANG_WARN_INFINITE_RECURSION = YES;
				CLANG_WARN_INT_CONVERSION = YES;
				CLANG_WARN_NON_LITERAL_NULL_CONVERSION = YES;
				CLANG_WARN_OBJC_IMPLICIT_RETAIN_SELF = YES;
				CLANG_WARN_OBJC_LITERAL_CONVERSION = YES;
				CLANG_WARN_OBJC_ROOT_CLASS = YES_ERROR;
				CLANG_WARN_QUOTED_INCLUDE_IN_FRAMEWORK_HEADER = YES;
				CLANG_WARN_RANGE_LOOP_ANALYSIS = YES;
				CLANG_WARN_STRICT_PROTOTYPES = YES;
				CLANG_WARN_SUSPICIOUS_MOVE = YES;
				CLANG_WARN_UNGUARDED_AVAILABILITY = YES_AGGRESSIVE;
				CLANG_WARN_UNREACHABLE_CODE = YES;
				CLANG_WARN__DUPLICATE_METHOD_MATCH = YES;
				COPY_PHASE_STRIP = NO;
				DEBUG_INFORMATION_FORMAT = "dwarf-with-dsym";
				ENABLE_NS_ASSERTIONS = NO;
				ENABLE_STRICT_OBJC_MSGSEND = YES;
				GCC_C_LANGUAGE_STANDARD = gnu11;
				GCC_NO_COMMON_BLOCKS = YES;
				GCC_WARN_64_TO_32_BIT_CONVERSION = YES;
				GCC_WARN_ABOUT_RETURN_TYPE = YES_ERROR;
				GCC_WARN_UNDECLARED_SELECTOR = YES;
				GCC_WARN_UNINITIALIZED_AUTOS = YES_AGGRESSIVE;
				GCC_WARN_UNUSED_FUNCTION = YES;
				GCC_WARN_UNUSED_VARIABLE = YES;
				IPHONEOS_DEPLOYMENT_TARGET = 13.0;
				MTL_ENABLE_DEBUG_INFO = NO;
				MTL_FAST_MATH = YES;
				SDKROOT = iphoneos;
				SWIFT_COMPILATION_MODE = wholemodule;
				SWIFT_OPTIMIZATION_LEVEL = "-O";
				VALIDATE_PRODUCT = YES;
			};
			name = Release;
		};
		1F180F1328B4200500A3F5BB /* Debug */ = {
			isa = XCBuildConfiguration;
			buildSettings = {
				ASSETCATALOG_COMPILER_APPICON_NAME = AppIcon;
				ASSETCATALOG_COMPILER_GLOBAL_ACCENT_COLOR_NAME = AccentColor;
				CODE_SIGN_ENTITLEMENTS = ECard/ECard.entitlements;
				CODE_SIGN_IDENTITY = "Apple Development";
				CODE_SIGN_STYLE = Automatic;
				CURRENT_PROJECT_VERSION = 1;
				DEVELOPMENT_TEAM = TQ27LL9PXC;
				GENERATE_INFOPLIST_FILE = YES;
				INFOPLIST_FILE = ECard/Info.plist;
				INFOPLIST_KEY_UIApplicationSupportsIndirectInputEvents = YES;
				INFOPLIST_KEY_UILaunchStoryboardName = LaunchScreen;
				INFOPLIST_KEY_UIMainStoryboardFile = Main;
				INFOPLIST_KEY_UISupportedInterfaceOrientations_iPad = "UIInterfaceOrientationPortrait UIInterfaceOrientationPortraitUpsideDown UIInterfaceOrientationLandscapeLeft UIInterfaceOrientationLandscapeRight";
				INFOPLIST_KEY_UISupportedInterfaceOrientations_iPhone = "UIInterfaceOrientationPortrait UIInterfaceOrientationLandscapeLeft UIInterfaceOrientationLandscapeRight";
				LD_RUNPATH_SEARCH_PATHS = (
					"$(inherited)",
					"@executable_path/Frameworks",
				);
				MARKETING_VERSION = 1.0;
				PRODUCT_BUNDLE_IDENTIFIER = ca.softtrak.EBusinessCard;
				PRODUCT_NAME = "$(TARGET_NAME)";
				PROVISIONING_PROFILE_SPECIFIER = "";
				SWIFT_EMIT_LOC_STRINGS = YES;
				SWIFT_VERSION = 5.0;
				TARGETED_DEVICE_FAMILY = "1,2";
			};
			name = Debug;
		};
		1F180F1428B4200500A3F5BB /* Release */ = {
			isa = XCBuildConfiguration;
			buildSettings = {
				ASSETCATALOG_COMPILER_APPICON_NAME = AppIcon;
				ASSETCATALOG_COMPILER_GLOBAL_ACCENT_COLOR_NAME = AccentColor;
				CODE_SIGN_ENTITLEMENTS = ECard/ECard.entitlements;
				CODE_SIGN_IDENTITY = "Apple Development";
				CODE_SIGN_STYLE = Automatic;
				CURRENT_PROJECT_VERSION = 1;
				DEVELOPMENT_TEAM = TQ27LL9PXC;
				GENERATE_INFOPLIST_FILE = YES;
				INFOPLIST_FILE = ECard/Info.plist;
				INFOPLIST_KEY_UIApplicationSupportsIndirectInputEvents = YES;
				INFOPLIST_KEY_UILaunchStoryboardName = LaunchScreen;
				INFOPLIST_KEY_UIMainStoryboardFile = Main;
				INFOPLIST_KEY_UISupportedInterfaceOrientations_iPad = "UIInterfaceOrientationPortrait UIInterfaceOrientationPortraitUpsideDown UIInterfaceOrientationLandscapeLeft UIInterfaceOrientationLandscapeRight";
				INFOPLIST_KEY_UISupportedInterfaceOrientations_iPhone = "UIInterfaceOrientationPortrait UIInterfaceOrientationLandscapeLeft UIInterfaceOrientationLandscapeRight";
				LD_RUNPATH_SEARCH_PATHS = (
					"$(inherited)",
					"@executable_path/Frameworks",
				);
				MARKETING_VERSION = 1.0;
				PRODUCT_BUNDLE_IDENTIFIER = ca.softtrak.EBusinessCard;
				PRODUCT_NAME = "$(TARGET_NAME)";
				PROVISIONING_PROFILE_SPECIFIER = "";
				SWIFT_EMIT_LOC_STRINGS = YES;
				SWIFT_VERSION = 5.0;
				TARGETED_DEVICE_FAMILY = "1,2";
			};
			name = Release;
		};
/* End XCBuildConfiguration section */

/* Begin XCConfigurationList section */
		1F180EF928B4200400A3F5BB /* Build configuration list for PBXProject "ECard" */ = {
			isa = XCConfigurationList;
			buildConfigurations = (
				1F180F1028B4200500A3F5BB /* Debug */,
				1F180F1128B4200500A3F5BB /* Release */,
			);
			defaultConfigurationIsVisible = 0;
			defaultConfigurationName = Release;
		};
		1F180F1228B4200500A3F5BB /* Build configuration list for PBXNativeTarget "ECard" */ = {
			isa = XCConfigurationList;
			buildConfigurations = (
				1F180F1328B4200500A3F5BB /* Debug */,
				1F180F1428B4200500A3F5BB /* Release */,
			);
			defaultConfigurationIsVisible = 0;
			defaultConfigurationName = Release;
		};
/* End XCConfigurationList section */

/* Begin XCRemoteSwiftPackageReference section */
		1F1810CE28B570DE00A3F5BB /* XCRemoteSwiftPackageReference "realm-swift" */ = {
			isa = XCRemoteSwiftPackageReference;
			repositoryURL = "https://github.com/realm/realm-swift.git";
			requirement = {
				kind = upToNextMajorVersion;
				minimumVersion = 10.28.6;
			};
		};
/* End XCRemoteSwiftPackageReference section */

/* Begin XCSwiftPackageProductDependency section */
		1F1810CF28B570DE00A3F5BB /* Realm */ = {
			isa = XCSwiftPackageProductDependency;
			package = 1F1810CE28B570DE00A3F5BB /* XCRemoteSwiftPackageReference "realm-swift" */;
			productName = Realm;
		};
		1F1810D128B570DE00A3F5BB /* RealmSwift */ = {
			isa = XCSwiftPackageProductDependency;
			package = 1F1810CE28B570DE00A3F5BB /* XCRemoteSwiftPackageReference "realm-swift" */;
			productName = RealmSwift;
		};
/* End XCSwiftPackageProductDependency section */
	};
	rootObject = 1F180EF628B4200400A3F5BB /* Project object */;
}
